
Microsoft Visual Studio Solution File, Format Version 12.00
# Visual Studio Version 17
VisualStudioVersion = 17.11.35327.3
MinimumVisualStudioVersion = 10.0.40219.1
Project("{FAE04EC0-301F-11D3-BF4B-00C04F79EFBC}") = "CalculateLibary", "CalculateLibary\CalculateLibary.csproj", "{3C1AA545-73B2-42AC-B15F-778EF38339CE}"
EndProject
Global
	GlobalSection(SolutionConfigurationPlatforms) = preSolution
		Debug|Any CPU = Debug|Any CPU
		Release|Any CPU = Release|Any CPU
	EndGlobalSection
	GlobalSection(ProjectConfigurationPlatforms) = postSolution
		{3C1AA545-73B2-42AC-B15F-778EF38339CE}.Debug|Any CPU.ActiveCfg = Debug|Any CPU
		{3C1AA545-73B2-42AC-B15F-778EF38339CE}.Debug|Any CPU.Build.0 = Debug|Any CPU
		{3C1AA545-73B2-42AC-B15F-778EF38339CE}.Release|Any CPU.ActiveCfg = Release|Any CPU
		{3C1AA545-73B2-42AC-B15F-778EF38339CE}.Release|Any CPU.Build.0 = Release|Any CPU
	EndGlobalSection
	GlobalSection(SolutionProperties) = preSolution
		HideSolutionNode = FALSE
	EndGlobalSection
	GlobalSection(ExtensibilityGlobals) = postSolution
		SolutionGuid = {E3746930-9F13-4F88-8992-B85B4868A726}
	EndGlobalSection
EndGlobal
